dependencies:
  idf:
    component_hash: null
    source:
      type: idf
    version: 5.2.2
  lvgl/lvgl:
    component_hash: 2a8f619b5c2b1c7ad116c33d43dae8989c76739068f406a7e8ba9221e1085f17
    source:
      service_url: https://api.components.espressif.com/
      type: service
    version: 9.1.0
manifest_hash: 969a3a88e09ea391f28aac915689767cd57296134f92f79d38064502748820c5
target: esp32
version: 1.0.0
